
Microsoft Visual Studio Solution File, Format Version 12.00
# Visual Studio 15
VisualStudioVersion = 15.0.27428.2037
MinimumVisualStudioVersion = 10.0.40219.1
Project("{FAE04EC0-301F-11D3-BF4B-00C04F79EFBC}") = "Lesson1", "Code\Lesson1.csproj", "{FE38DC67-7BA3-4F37-ABF0-94D16807AA6D}"
EndProject
Global
	GlobalSection(SolutionConfigurationPlatforms) = preSolution
		Debug|Any CPU = Debug|Any CPU
		Release|Any CPU = Release|Any CPU
	EndGlobalSection
	GlobalSection(ProjectConfigurationPlatforms) = postSolution
		{FE38DC67-7BA3-4F37-ABF0-94D16807AA6D}.Debug|Any CPU.ActiveCfg = Debug|Any CPU
		{FE38DC67-7BA3-4F37-ABF0-94D16807AA6D}.Debug|Any CPU.Build.0 = Debug|Any CPU
		{FE38DC67-7BA3-4F37-ABF0-94D16807AA6D}.Release|Any CPU.ActiveCfg = Release|Any CPU
		{FE38DC67-7BA3-4F37-ABF0-94D16807AA6D}.Release|Any CPU.Build.0 = Release|Any CPU
	EndGlobalSection
	GlobalSection(SolutionProperties) = preSolution
		HideSolutionNode = FALSE
	EndGlobalSection
	GlobalSection(ExtensibilityGlobals) = postSolution
		SolutionGuid = {600FA14F-3A6E-4385-9258-5615B2C519F5}
	EndGlobalSection
EndGlobal
